
Microsoft Visual Studio Solution File, Format Version 12.00
# Visual Studio Version 17
VisualStudioVersion = 17.14.36221.1 d17.14
MinimumVisualStudioVersion = 10.0.40219.1
Project("{888888A0-9F3D-457C-B088-3A5042F75D52}") = "KI302.Rapavyi.lab7", "KI302.Rapavyi.lab7\KI302.Rapavyi.lab7.pyproj", "{DA239558-2650-4513-B22C-C9123F60070C}"
EndProject
Global
	GlobalSection(SolutionConfigurationPlatforms) = preSolution
		Debug|Any CPU = Debug|Any CPU
		Release|Any CPU = Release|Any CPU
	EndGlobalSection
	GlobalSection(ProjectConfigurationPlatforms) = postSolution
		{DA239558-2650-4513-B22C-C9123F60070C}.Debug|Any CPU.ActiveCfg = Debug|Any CPU
		{DA239558-2650-4513-B22C-C9123F60070C}.Release|Any CPU.ActiveCfg = Release|Any CPU
	EndGlobalSection
	GlobalSection(SolutionProperties) = preSolution
		HideSolutionNode = FALSE
	EndGlobalSection
	GlobalSection(ExtensibilityGlobals) = postSolution
		SolutionGuid = {32A905CA-98FD-4C22-BF80-8E780A050F67}
	EndGlobalSection
EndGlobal
