
Microsoft Visual Studio Solution File, Format Version 12.00
# Visual Studio Version 17
VisualStudioVersion = 17.14.36221.1 d17.14
MinimumVisualStudioVersion = 10.0.40219.1
Project("{888888A0-9F3D-457C-B088-3A5042F75D52}") = "KI302.Rapavyi.lab8", "KI302.Rapavyi.lab8\KI302.Rapavyi.lab8.pyproj", "{2730F437-757F-4F98-8305-ABF927750567}"
EndProject
Global
	GlobalSection(SolutionConfigurationPlatforms) = preSolution
		Debug|Any CPU = Debug|Any CPU
		Release|Any CPU = Release|Any CPU
	EndGlobalSection
	GlobalSection(ProjectConfigurationPlatforms) = postSolution
		{2730F437-757F-4F98-8305-ABF927750567}.Debug|Any CPU.ActiveCfg = Debug|Any CPU
		{2730F437-757F-4F98-8305-ABF927750567}.Release|Any CPU.ActiveCfg = Release|Any CPU
	EndGlobalSection
	GlobalSection(SolutionProperties) = preSolution
		HideSolutionNode = FALSE
	EndGlobalSection
	GlobalSection(ExtensibilityGlobals) = postSolution
		SolutionGuid = {62077F96-DFD1-4B3D-A55B-61CBC37C0D38}
	EndGlobalSection
EndGlobal
